<?xml version="1.0" encoding="utf-8"?>
<Project ToolsVersion="4.0" xmlns="http://schemas.microsoft.com/developer/msbuild/2003">
  <ItemGroup>
    <Filter Include="sources">
      <UniqueIdentifier>{4FC737F1-C7A5-4376-A066-2A32D752A2FF}</UniqueIdentifier>
      <Extensions>cpp;c;cc;cxx;def;odl;idl;hpj;bat;asm;asmx</Extensions>
    </Filter>
    <Filter Include="imgui">
      <UniqueIdentifier>{a82cba23-9de0-45c2-b1e3-2eb1666702de}</UniqueIdentifier>
    </Filter>
    <Filter Include="driverload">
      <UniqueIdentifier>{7861af12-05df-4e7d-9072-22462dc28702}</UniqueIdentifier>
    </Filter>
    <Filter Include="ARK">
      <UniqueIdentifier>{53965a2f-4c6b-440a-8442-ffd5ce7c2548}</UniqueIdentifier>
    </Filter>
    <Filter Include="ARK\Wnd">
      <UniqueIdentifier>{fda8cafc-d1e0-4968-8e60-b8c934e08b09}</UniqueIdentifier>
    </Filter>
    <Filter Include="other">
      <UniqueIdentifier>{a23d773d-6d9b-4ad3-92e0-cc7fb84687f1}</UniqueIdentifier>
    </Filter>
  </ItemGroup>
  <ItemGroup>
    <ClCompile Include="main.cpp">
      <Filter>sources</Filter>
    </ClCompile>
    <ClCompile Include="..\..\imgui.cpp">
      <Filter>imgui</Filter>
    </ClCompile>
    <ClCompile Include="..\..\imgui_demo.cpp">
      <Filter>imgui</Filter>
    </ClCompile>
    <ClCompile Include="..\..\imgui_draw.cpp">
      <Filter>imgui</Filter>
    </ClCompile>
    <ClCompile Include="..\..\backends\imgui_impl_win32.cpp">
      <Filter>sources</Filter>
    </ClCompile>
    <ClCompile Include="..\..\backends\imgui_impl_dx9.cpp">
      <Filter>sources</Filter>
    </ClCompile>
    <ClCompile Include="..\..\imgui_tables.cpp">
      <Filter>imgui</Filter>
    </ClCompile>
    <ClCompile Include="..\..\imgui_widgets.cpp">
      <Filter>imgui</Filter>
    </ClCompile>
    <ClCompile Include="App.cpp">
      <Filter>ARK</Filter>
    </ClCompile>
    <ClCompile Include="ArkR3.cpp">
      <Filter>ARK</Filter>
    </ClCompile>
    <ClCompile Include="driverloader.cpp">
      <Filter>driverload</Filter>
    </ClCompile>
    <ClCompile Include="LogWnd.cpp">
      <Filter>ARK\Wnd</Filter>
    </ClCompile>
    <ClCompile Include="KernelWnd.cpp">
      <Filter>ARK\Wnd</Filter>
    </ClCompile>
    <ClCompile Include="MenuBar.cpp">
      <Filter>ARK\Wnd</Filter>
    </ClCompile>
    <ClCompile Include="ProcessWnd.cpp">
      <Filter>ARK\Wnd</Filter>
    </ClCompile>
    <ClCompile Include="ModuleWnd.cpp">
      <Filter>ARK\Wnd</Filter>
    </ClCompile>
    <ClCompile Include="CallbackWnd.cpp">
      <Filter>ARK\Wnd</Filter>
    </ClCompile>
    <ClCompile Include="NetworkWnd.cpp">
      <Filter>ARK\Wnd</Filter>
    </ClCompile>
    <ClCompile Include="HookWnd.cpp">
      <Filter>ARK\Wnd</Filter>
    </ClCompile>
    <ClCompile Include="FileWnd.cpp">
      <Filter>ARK\Wnd</Filter>
    </ClCompile>
    <ClCompile Include="FileManager.cpp">
      <Filter>other</Filter>
    </ClCompile>
    <ClCompile Include="pestruct.cpp">
      <Filter>ARK</Filter>
    </ClCompile>
  </ItemGroup>
  <ItemGroup>
    <ClInclude Include="..\..\imconfig.h">
      <Filter>imgui</Filter>
    </ClInclude>
    <ClInclude Include="..\..\imgui.h">
      <Filter>imgui</Filter>
    </ClInclude>
    <ClInclude Include="..\..\imgui_internal.h">
      <Filter>imgui</Filter>
    </ClInclude>
    <ClInclude Include="..\..\backends\imgui_impl_win32.h">
      <Filter>sources</Filter>
    </ClInclude>
    <ClInclude Include="..\..\backends\imgui_impl_dx9.h">
      <Filter>sources</Filter>
    </ClInclude>
    <ClInclude Include="App.h">
      <Filter>ARK</Filter>
    </ClInclude>
    <ClInclude Include="ArkR3.h">
      <Filter>ARK</Filter>
    </ClInclude>
    <ClInclude Include="Interface.h">
      <Filter>ARK</Filter>
    </ClInclude>
    <ClInclude Include="driverloader.h">
      <Filter>driverload</Filter>
    </ClInclude>
    <ClInclude Include="KernelWnd.h">
      <Filter>ARK\Wnd</Filter>
    </ClInclude>
    <ClInclude Include="LogWnd.h">
      <Filter>ARK\Wnd</Filter>
    </ClInclude>
    <ClInclude Include="MenuBar.h">
      <Filter>ARK\Wnd</Filter>
    </ClInclude>
    <ClInclude Include="ezpdb.hpp" />
    <ClInclude Include="ProcessWnd.h">
      <Filter>ARK\Wnd</Filter>
    </ClInclude>
    <ClInclude Include="ModuleWnd.h">
      <Filter>ARK\Wnd</Filter>
    </ClInclude>
    <ClInclude Include="CallbackWnd.h">
      <Filter>ARK\Wnd</Filter>
    </ClInclude>
    <ClInclude Include="HookWnd.h">
      <Filter>ARK\Wnd</Filter>
    </ClInclude>
    <ClInclude Include="WinsockHeader.h">
      <Filter>ARK</Filter>
    </ClInclude>
    <ClInclude Include="NetworkWnd.h">
      <Filter>ARK\Wnd</Filter>
    </ClInclude>
    <ClInclude Include="FileWnd.h">
      <Filter>ARK\Wnd</Filter>
    </ClInclude>
    <ClInclude Include="imguiLog.h">
      <Filter>other</Filter>
    </ClInclude>
    <ClInclude Include="imgui_momory_editor.h">
      <Filter>other</Filter>
    </ClInclude>
    <ClInclude Include="FileManager.h">
      <Filter>other</Filter>
    </ClInclude>
    <ClInclude Include="pestruct.h">
      <Filter>ARK</Filter>
    </ClInclude>
  </ItemGroup>
  <ItemGroup>
    <None Include="..\README.txt" />
    <None Include="..\..\misc\debuggers\imgui.natvis">
      <Filter>imgui</Filter>
    </None>
    <None Include="..\..\misc\debuggers\imgui.natstepfilter">
      <Filter>imgui</Filter>
    </None>
  </ItemGroup>
</Project>